
Microsoft Visual Studio Solution File, Format Version 12.00
# Visual Studio Version 16
VisualStudioVersion = 16.0.30907.101
MinimumVisualStudioVersion = 10.0.40219.1
Project("{FAE04EC0-301F-11D3-BF4B-00C04F79EFBC}") = "Entities", "Entities\Entities.csproj", "{92EE468D-A6D9-47B0-916A-8F4654CF6F70}"
EndProject
Project("{FAE04EC0-301F-11D3-BF4B-00C04F79EFBC}") = "DataAccess", "DataAccess\DataAccess.csproj", "{3D8495FF-8F3B-42DB-8A35-57F98D855159}"
EndProject
Project("{FAE04EC0-301F-11D3-BF4B-00C04F79EFBC}") = "Business", "Business\Business.csproj", "{0BACC4BF-FDA0-44CD-A676-689689DF4FD7}"
EndProject
Project("{FAE04EC0-301F-11D3-BF4B-00C04F79EFBC}") = "ReCapConsoleUI", "ReCapConsoleUI\ReCapConsoleUI.csproj", "{7105F60A-C173-4AEE-B7A8-BF6D5B008062}"
EndProject
Global
	GlobalSection(SolutionConfigurationPlatforms) = preSolution
		Debug|Any CPU = Debug|Any CPU
		Release|Any CPU = Release|Any CPU
	EndGlobalSection
	GlobalSection(ProjectConfigurationPlatforms) = postSolution
		{92EE468D-A6D9-47B0-916A-8F4654CF6F70}.Debug|Any CPU.ActiveCfg = Debug|Any CPU
		{92EE468D-A6D9-47B0-916A-8F4654CF6F70}.Debug|Any CPU.Build.0 = Debug|Any CPU
		{92EE468D-A6D9-47B0-916A-8F4654CF6F70}.Release|Any CPU.ActiveCfg = Release|Any CPU
		{92EE468D-A6D9-47B0-916A-8F4654CF6F70}.Release|Any CPU.Build.0 = Release|Any CPU
		{3D8495FF-8F3B-42DB-8A35-57F98D855159}.Debug|Any CPU.ActiveCfg = Debug|Any CPU
		{3D8495FF-8F3B-42DB-8A35-57F98D855159}.Debug|Any CPU.Build.0 = Debug|Any CPU
		{3D8495FF-8F3B-42DB-8A35-57F98D855159}.Release|Any CPU.ActiveCfg = Release|Any CPU
		{3D8495FF-8F3B-42DB-8A35-57F98D855159}.Release|Any CPU.Build.0 = Release|Any CPU
		{0BACC4BF-FDA0-44CD-A676-689689DF4FD7}.Debug|Any CPU.ActiveCfg = Debug|Any CPU
		{0BACC4BF-FDA0-44CD-A676-689689DF4FD7}.Debug|Any CPU.Build.0 = Debug|Any CPU
		{0BACC4BF-FDA0-44CD-A676-689689DF4FD7}.Release|Any CPU.ActiveCfg = Release|Any CPU
		{0BACC4BF-FDA0-44CD-A676-689689DF4FD7}.Release|Any CPU.Build.0 = Release|Any CPU
		{7105F60A-C173-4AEE-B7A8-BF6D5B008062}.Debug|Any CPU.ActiveCfg = Debug|Any CPU
		{7105F60A-C173-4AEE-B7A8-BF6D5B008062}.Debug|Any CPU.Build.0 = Debug|Any CPU
		{7105F60A-C173-4AEE-B7A8-BF6D5B008062}.Release|Any CPU.ActiveCfg = Release|Any CPU
		{7105F60A-C173-4AEE-B7A8-BF6D5B008062}.Release|Any CPU.Build.0 = Release|Any CPU
	EndGlobalSection
	GlobalSection(SolutionProperties) = preSolution
		HideSolutionNode = FALSE
	EndGlobalSection
	GlobalSection(ExtensibilityGlobals) = postSolution
		SolutionGuid = {0BBA1DB8-C330-4FFB-8161-A54B9646FD64}
	EndGlobalSection
EndGlobal
